
Microsoft Visual Studio Solution File, Format Version 12.00
# Visual Studio 15
VisualStudioVersion = 15.0.28307.329
MinimumVisualStudioVersion = 10.0.40219.1
Project("{FAE04EC0-301F-11D3-BF4B-00C04F79EFBC}") = "02. Sum Digits", "02. Sum Digits\02. Sum Digits.csproj", "{57B32860-D6FE-4A65-B84A-9DD341DCFA8D}"
EndProject
Global
	GlobalSection(SolutionConfigurationPlatforms) = preSolution
		Debug|Any CPU = Debug|Any CPU
		Release|Any CPU = Release|Any CPU
	EndGlobalSection
	GlobalSection(ProjectConfigurationPlatforms) = postSolution
		{57B32860-D6FE-4A65-B84A-9DD341DCFA8D}.Debug|Any CPU.ActiveCfg = Debug|Any CPU
		{57B32860-D6FE-4A65-B84A-9DD341DCFA8D}.Debug|Any CPU.Build.0 = Debug|Any CPU
		{57B32860-D6FE-4A65-B84A-9DD341DCFA8D}.Release|Any CPU.ActiveCfg = Release|Any CPU
		{57B32860-D6FE-4A65-B84A-9DD341DCFA8D}.Release|Any CPU.Build.0 = Release|Any CPU
	EndGlobalSection
	GlobalSection(SolutionProperties) = preSolution
		HideSolutionNode = FALSE
	EndGlobalSection
	GlobalSection(ExtensibilityGlobals) = postSolution
		SolutionGuid = {353A25E1-F31F-4FCD-BADC-CBEEFC57E4C6}
	EndGlobalSection
EndGlobal
