
Microsoft Visual Studio Solution File, Format Version 12.00
# Visual Studio 15
VisualStudioVersion = 15.0.28307.329
MinimumVisualStudioVersion = 10.0.40219.1
Project("{FAE04EC0-301F-11D3-BF4B-00C04F79EFBC}") = "06. Foreign Languages", "06. Foreign Languages\06. Foreign Languages.csproj", "{9FDB0D7C-7DFE-482C-81BF-8E1BDECA0634}"
EndProject
Global
	GlobalSection(SolutionConfigurationPlatforms) = preSolution
		Debug|Any CPU = Debug|Any CPU
		Release|Any CPU = Release|Any CPU
	EndGlobalSection
	GlobalSection(ProjectConfigurationPlatforms) = postSolution
		{9FDB0D7C-7DFE-482C-81BF-8E1BDECA0634}.Debug|Any CPU.ActiveCfg = Debug|Any CPU
		{9FDB0D7C-7DFE-482C-81BF-8E1BDECA0634}.Debug|Any CPU.Build.0 = Debug|Any CPU
		{9FDB0D7C-7DFE-482C-81BF-8E1BDECA0634}.Release|Any CPU.ActiveCfg = Release|Any CPU
		{9FDB0D7C-7DFE-482C-81BF-8E1BDECA0634}.Release|Any CPU.Build.0 = Release|Any CPU
	EndGlobalSection
	GlobalSection(SolutionProperties) = preSolution
		HideSolutionNode = FALSE
	EndGlobalSection
	GlobalSection(ExtensibilityGlobals) = postSolution
		SolutionGuid = {3EA16017-C553-4AFC-A2FE-927C6A633A7E}
	EndGlobalSection
EndGlobal
