
Microsoft Visual Studio Solution File, Format Version 12.00
# Visual Studio 15
VisualStudioVersion = 15.0.28307.329
MinimumVisualStudioVersion = 10.0.40219.1
Project("{FAE04EC0-301F-11D3-BF4B-00C04F79EFBC}") = "05. Messages", "05. Messages\05. Messages.csproj", "{4AAB7E49-420E-448E-AA0A-0120FA9DAC81}"
EndProject
Global
	GlobalSection(SolutionConfigurationPlatforms) = preSolution
		Debug|Any CPU = Debug|Any CPU
		Release|Any CPU = Release|Any CPU
	EndGlobalSection
	GlobalSection(ProjectConfigurationPlatforms) = postSolution
		{4AAB7E49-420E-448E-AA0A-0120FA9DAC81}.Debug|Any CPU.ActiveCfg = Debug|Any CPU
		{4AAB7E49-420E-448E-AA0A-0120FA9DAC81}.Debug|Any CPU.Build.0 = Debug|Any CPU
		{4AAB7E49-420E-448E-AA0A-0120FA9DAC81}.Release|Any CPU.ActiveCfg = Release|Any CPU
		{4AAB7E49-420E-448E-AA0A-0120FA9DAC81}.Release|Any CPU.Build.0 = Release|Any CPU
	EndGlobalSection
	GlobalSection(SolutionProperties) = preSolution
		HideSolutionNode = FALSE
	EndGlobalSection
	GlobalSection(ExtensibilityGlobals) = postSolution
		SolutionGuid = {B6C1CBA1-459F-47A0-8F53-8B67E79867D7}
	EndGlobalSection
EndGlobal
