
Microsoft Visual Studio Solution File, Format Version 12.00
# Visual Studio 15
VisualStudioVersion = 15.0.28307.329
MinimumVisualStudioVersion = 10.0.40219.1
Project("{FAE04EC0-301F-11D3-BF4B-00C04F79EFBC}") = "10. Rage Expenses", "10. Rage Expenses\10. Rage Expenses.csproj", "{59DB0972-306D-48D2-96D5-67518C34C391}"
EndProject
Global
	GlobalSection(SolutionConfigurationPlatforms) = preSolution
		Debug|Any CPU = Debug|Any CPU
		Release|Any CPU = Release|Any CPU
	EndGlobalSection
	GlobalSection(ProjectConfigurationPlatforms) = postSolution
		{59DB0972-306D-48D2-96D5-67518C34C391}.Debug|Any CPU.ActiveCfg = Debug|Any CPU
		{59DB0972-306D-48D2-96D5-67518C34C391}.Debug|Any CPU.Build.0 = Debug|Any CPU
		{59DB0972-306D-48D2-96D5-67518C34C391}.Release|Any CPU.ActiveCfg = Release|Any CPU
		{59DB0972-306D-48D2-96D5-67518C34C391}.Release|Any CPU.Build.0 = Release|Any CPU
	EndGlobalSection
	GlobalSection(SolutionProperties) = preSolution
		HideSolutionNode = FALSE
	EndGlobalSection
	GlobalSection(ExtensibilityGlobals) = postSolution
		SolutionGuid = {36FBF09D-FC0F-4A6C-924E-4CBFDCD81B36}
	EndGlobalSection
EndGlobal
