
Microsoft Visual Studio Solution File, Format Version 12.00
# Visual Studio 15
VisualStudioVersion = 15.0.28307.329
MinimumVisualStudioVersion = 10.0.40219.1
Project("{FAE04EC0-301F-11D3-BF4B-00C04F79EFBC}") = "07. Water Overflow", "07. Water Overflow\07. Water Overflow.csproj", "{D2C6541F-DF9E-4193-B335-60CA209EC3E3}"
EndProject
Global
	GlobalSection(SolutionConfigurationPlatforms) = preSolution
		Debug|Any CPU = Debug|Any CPU
		Release|Any CPU = Release|Any CPU
	EndGlobalSection
	GlobalSection(ProjectConfigurationPlatforms) = postSolution
		{D2C6541F-DF9E-4193-B335-60CA209EC3E3}.Debug|Any CPU.ActiveCfg = Debug|Any CPU
		{D2C6541F-DF9E-4193-B335-60CA209EC3E3}.Debug|Any CPU.Build.0 = Debug|Any CPU
		{D2C6541F-DF9E-4193-B335-60CA209EC3E3}.Release|Any CPU.ActiveCfg = Release|Any CPU
		{D2C6541F-DF9E-4193-B335-60CA209EC3E3}.Release|Any CPU.Build.0 = Release|Any CPU
	EndGlobalSection
	GlobalSection(SolutionProperties) = preSolution
		HideSolutionNode = FALSE
	EndGlobalSection
	GlobalSection(ExtensibilityGlobals) = postSolution
		SolutionGuid = {4F597BBE-0F47-47A1-B1C3-D648E9681CF9}
	EndGlobalSection
EndGlobal
