
Microsoft Visual Studio Solution File, Format Version 12.00
# Visual Studio 15
VisualStudioVersion = 15.0.28307.329
MinimumVisualStudioVersion = 10.0.40219.1
Project("{FAE04EC0-301F-11D3-BF4B-00C04F79EFBC}") = "08. Divisible by 3", "08. Divisible by 3\08. Divisible by 3.csproj", "{BADC9B27-DA7C-44AC-8871-63C6DCA4F78C}"
EndProject
Global
	GlobalSection(SolutionConfigurationPlatforms) = preSolution
		Debug|Any CPU = Debug|Any CPU
		Release|Any CPU = Release|Any CPU
	EndGlobalSection
	GlobalSection(ProjectConfigurationPlatforms) = postSolution
		{BADC9B27-DA7C-44AC-8871-63C6DCA4F78C}.Debug|Any CPU.ActiveCfg = Debug|Any CPU
		{BADC9B27-DA7C-44AC-8871-63C6DCA4F78C}.Debug|Any CPU.Build.0 = Debug|Any CPU
		{BADC9B27-DA7C-44AC-8871-63C6DCA4F78C}.Release|Any CPU.ActiveCfg = Release|Any CPU
		{BADC9B27-DA7C-44AC-8871-63C6DCA4F78C}.Release|Any CPU.Build.0 = Release|Any CPU
	EndGlobalSection
	GlobalSection(SolutionProperties) = preSolution
		HideSolutionNode = FALSE
	EndGlobalSection
	GlobalSection(ExtensibilityGlobals) = postSolution
		SolutionGuid = {10D94159-7BF2-4A80-A4CA-DFE5DB292BF4}
	EndGlobalSection
EndGlobal
